{
  "name": "dotnet-meteor",
  "version": "1.0.0",
  "lockfileVersion": 2,
  "requires": true,
  "packages": {
    "": {
      "name": "dotnet-meteor",
      "version": "1.0.0",
      "license": "MIT",
      "dependencies": {
        "sax": "^1.2.4"
      },
      "devDependencies": {
        "@types/node": "16.x",
        "@types/vscode": "^1.73.0",
        "typescript": "^4.8.4"
      },
      "engines": {
        "vscode": "^1.73.0"
      }
    },
    "node_modules/@types/node": {
      "version": "16.18.12",
      "resolved": "https://registry.npmjs.org/@types/node/-/node-16.18.12.tgz",
      "integrity": "sha512-vzLe5NaNMjIE3mcddFVGlAXN1LEWueUsMsOJWaT6wWMJGyljHAWHznqfnKUQWGzu7TLPrGvWdNAsvQYW+C0xtw==",
      "dev": true
    },
    "node_modules/@types/vscode": {
      "version": "1.73.1",
      "resolved": "https://registry.npmjs.org/@types/vscode/-/vscode-1.73.1.tgz",
      "integrity": "sha512-eArfOrAoZVV+Ao9zQOCaFNaeXj4kTCD+bGS2gyNgIFZH9xVMuLMlRrEkhb22NyxycFWKV1UyTh03vhaVHmqVMg==",
      "dev": true
    },
    "node_modules/sax": {
      "version": "1.2.4",
      "resolved": "https://registry.npmjs.org/sax/-/sax-1.2.4.tgz",
      "integrity": "sha512-NqVDv9TpANUjFm0N8uM5GxL36UgKi9/atZw+x7YFnQ8ckwFGKrl4xX4yWtrey3UJm5nP1kUbnYgLopqWNSRhWw=="
    },
    "node_modules/typescript": {
      "version": "4.9.3",
      "resolved": "https://registry.npmjs.org/typescript/-/typescript-4.9.3.tgz",
      "integrity": "sha512-CIfGzTelbKNEnLpLdGFgdyKhG23CKdKgQPOBc+OUNrkJ2vr+KSzsSV5kq5iWhEQbok+quxgGzrAtGWCyU7tHnA==",
      "dev": true,
      "bin": {
        "tsc": "bin/tsc",
        "tsserver": "bin/tsserver"
      },
      "engines": {
        "node": ">=4.2.0"
      }
    }
  },
  "dependencies": {
    "@types/node": {
      "version": "16.18.12",
      "resolved": "https://registry.npmjs.org/@types/node/-/node-16.18.12.tgz",
      "integrity": "sha512-vzLe5NaNMjIE3mcddFVGlAXN1LEWueUsMsOJWaT6wWMJGyljHAWHznqfnKUQWGzu7TLPrGvWdNAsvQYW+C0xtw==",
      "dev": true
    },
    "@types/vscode": {
      "version": "1.73.1",
      "resolved": "https://registry.npmjs.org/@types/vscode/-/vscode-1.73.1.tgz",
      "integrity": "sha512-eArfOrAoZVV+Ao9zQOCaFNaeXj4kTCD+bGS2gyNgIFZH9xVMuLMlRrEkhb22NyxycFWKV1UyTh03vhaVHmqVMg==",
      "dev": true
    },
    "sax": {
      "version": "1.2.4",
      "resolved": "https://registry.npmjs.org/sax/-/sax-1.2.4.tgz",
      "integrity": "sha512-NqVDv9TpANUjFm0N8uM5GxL36UgKi9/atZw+x7YFnQ8ckwFGKrl4xX4yWtrey3UJm5nP1kUbnYgLopqWNSRhWw=="
    },
    "typescript": {
      "version": "4.9.3",
      "resolved": "https://registry.npmjs.org/typescript/-/typescript-4.9.3.tgz",
      "integrity": "sha512-CIfGzTelbKNEnLpLdGFgdyKhG23CKdKgQPOBc+OUNrkJ2vr+KSzsSV5kq5iWhEQbok+quxgGzrAtGWCyU7tHnA==",
      "dev": true
    }
  }
}
